
Microsoft Visual Studio Solution File, Format Version 12.00
# Visual Studio Version 16
VisualStudioVersion = 16.0.31624.102
MinimumVisualStudioVersion = 10.0.40219.1
Project("{FAE04EC0-301F-11D3-BF4B-00C04F79EFBC}") = "Aula3", "Aula3\Aula3.csproj", "{978B8FF1-89A0-4F50-A329-3AE9E4A2A5AD}"
EndProject
Global
	GlobalSection(SolutionConfigurationPlatforms) = preSolution
		Debug|Any CPU = Debug|Any CPU
		Release|Any CPU = Release|Any CPU
	EndGlobalSection
	GlobalSection(ProjectConfigurationPlatforms) = postSolution
		{978B8FF1-89A0-4F50-A329-3AE9E4A2A5AD}.Debug|Any CPU.ActiveCfg = Debug|Any CPU
		{978B8FF1-89A0-4F50-A329-3AE9E4A2A5AD}.Debug|Any CPU.Build.0 = Debug|Any CPU
		{978B8FF1-89A0-4F50-A329-3AE9E4A2A5AD}.Release|Any CPU.ActiveCfg = Release|Any CPU
		{978B8FF1-89A0-4F50-A329-3AE9E4A2A5AD}.Release|Any CPU.Build.0 = Release|Any CPU
	EndGlobalSection
	GlobalSection(SolutionProperties) = preSolution
		HideSolutionNode = FALSE
	EndGlobalSection
	GlobalSection(ExtensibilityGlobals) = postSolution
		SolutionGuid = {B2394992-B622-4389-A48F-A4E4F5D504A2}
	EndGlobalSection
EndGlobal
