
Microsoft Visual Studio Solution File, Format Version 12.00
# Visual Studio Version 16
VisualStudioVersion = 16.0.31624.102
MinimumVisualStudioVersion = 10.0.40219.1
Project("{FAE04EC0-301F-11D3-BF4B-00C04F79EFBC}") = "Exemplos_URI", "Exemplos_URI\Exemplos_URI.csproj", "{58103B6C-499A-493E-8B6C-5B890B700642}"
EndProject
Global
	GlobalSection(SolutionConfigurationPlatforms) = preSolution
		Debug|Any CPU = Debug|Any CPU
		Release|Any CPU = Release|Any CPU
	EndGlobalSection
	GlobalSection(ProjectConfigurationPlatforms) = postSolution
		{58103B6C-499A-493E-8B6C-5B890B700642}.Debug|Any CPU.ActiveCfg = Debug|Any CPU
		{58103B6C-499A-493E-8B6C-5B890B700642}.Debug|Any CPU.Build.0 = Debug|Any CPU
		{58103B6C-499A-493E-8B6C-5B890B700642}.Release|Any CPU.ActiveCfg = Release|Any CPU
		{58103B6C-499A-493E-8B6C-5B890B700642}.Release|Any CPU.Build.0 = Release|Any CPU
	EndGlobalSection
	GlobalSection(SolutionProperties) = preSolution
		HideSolutionNode = FALSE
	EndGlobalSection
	GlobalSection(ExtensibilityGlobals) = postSolution
		SolutionGuid = {8D0FE1D3-2173-4EF2-B8B5-1661A986723B}
	EndGlobalSection
EndGlobal
